// !$*UTF8*$!
{
	archiveVersion = 1;
	classes = {
	};
	objectVersion = 56;
	objects = {

/* Begin PBXBuildFile section */
		821744392B67ADAC00767315 /* TrailViewModel.swift in Sources */ = {isa = PBXBuildFile; fileRef = 821744382B67ADAC00767315 /* TrailViewModel.swift */; };
		826B91BA2B67DF07007909FF /* popDetailTrail.swift in Sources */ = {isa = PBXBuildFile; fileRef = 826B91B92B67DF06007909FF /* popDetailTrail.swift */; };
		826B91BC2B67E046007909FF /* SwiftUIView.swift in Sources */ = {isa = PBXBuildFile; fileRef = 826B91BB2B67E046007909FF /* SwiftUIView.swift */; };
		8297A1912B5E7DB0006F1CDB /* AppDelegate.swift in Sources */ = {isa = PBXBuildFile; fileRef = 8297A1902B5E7DB0006F1CDB /* AppDelegate.swift */; };
		8297A1932B5E7DB0006F1CDB /* SceneDelegate.swift in Sources */ = {isa = PBXBuildFile; fileRef = 8297A1922B5E7DB0006F1CDB /* SceneDelegate.swift */; };
		8297A1952B5E7DB0006F1CDB /* ViewController.swift in Sources */ = {isa = PBXBuildFile; fileRef = 8297A1942B5E7DB0006F1CDB /* ViewController.swift */; };
		8297A1982B5E7DB0006F1CDB /* Main.storyboard in Resources */ = {isa = PBXBuildFile; fileRef = 8297A1962B5E7DB0006F1CDB /* Main.storyboard */; };
		8297A19A2B5E7DB2006F1CDB /* Assets.xcassets in Resources */ = {isa = PBXBuildFile; fileRef = 8297A1992B5E7DB2006F1CDB /* Assets.xcassets */; };
		8297A19D2B5E7DB2006F1CDB /* LaunchScreen.storyboard in Resources */ = {isa = PBXBuildFile; fileRef = 8297A19B2B5E7DB2006F1CDB /* LaunchScreen.storyboard */; };
		8297A1A92B5FED86006F1CDB /* multView.swift in Sources */ = {isa = PBXBuildFile; fileRef = 8297A1A82B5FED86006F1CDB /* multView.swift */; };
		8297A1AB2B610E26006F1CDB /* wkndView.swift in Sources */ = {isa = PBXBuildFile; fileRef = 8297A1AA2B610E26006F1CDB /* wkndView.swift */; };
/* End PBXBuildFile section */

/* Begin PBXFileReference section */
		821744382B67ADAC00767315 /* TrailViewModel.swift */ = {isa = PBXFileReference; lastKnownFileType = sourcecode.swift; path = TrailViewModel.swift; sourceTree = "<group>"; };
		826B91B92B67DF06007909FF /* popDetailTrail.swift */ = {isa = PBXFileReference; lastKnownFileType = sourcecode.swift; path = popDetailTrail.swift; sourceTree = "<group>"; };
		826B91BB2B67E046007909FF /* SwiftUIView.swift */ = {isa = PBXFileReference; lastKnownFileType = sourcecode.swift; path = SwiftUIView.swift; sourceTree = "<group>"; };
		8297A18D2B5E7DB0006F1CDB /* urke.app */ = {isa = PBXFileReference; explicitFileType = wrapper.application; includeInIndex = 0; path = urke.app; sourceTree = BUILT_PRODUCTS_DIR; };
		8297A1902B5E7DB0006F1CDB /* AppDelegate.swift */ = {isa = PBXFileReference; lastKnownFileType = sourcecode.swift; path = AppDelegate.swift; sourceTree = "<group>"; };
		8297A1922B5E7DB0006F1CDB /* SceneDelegate.swift */ = {isa = PBXFileReference; lastKnownFileType = sourcecode.swift; path = SceneDelegate.swift; sourceTree = "<group>"; };
		8297A1942B5E7DB0006F1CDB /* ViewController.swift */ = {isa = PBXFileReference; lastKnownFileType = sourcecode.swift; path = ViewController.swift; sourceTree = "<group>"; };
		8297A1972B5E7DB0006F1CDB /* Base */ = {isa = PBXFileReference; lastKnownFileType = file.storyboard; name = Base; path = Base.lproj/Main.storyboard; sourceTree = "<group>"; };
		8297A1992B5E7DB2006F1CDB /* Assets.xcassets */ = {isa = PBXFileReference; lastKnownFileType = folder.assetcatalog; path = Assets.xcassets; sourceTree = "<group>"; };
		8297A19C2B5E7DB2006F1CDB /* Base */ = {isa = PBXFileReference; lastKnownFileType = file.storyboard; name = Base; path = Base.lproj/LaunchScreen.storyboard; sourceTree = "<group>"; };
		8297A19E2B5E7DB2006F1CDB /* Info.plist */ = {isa = PBXFileReference; lastKnownFileType = text.plist.xml; path = Info.plist; sourceTree = "<group>"; };
		8297A1A82B5FED86006F1CDB /* multView.swift */ = {isa = PBXFileReference; lastKnownFileType = sourcecode.swift; path = multView.swift; sourceTree = "<group>"; };
		8297A1AA2B610E26006F1CDB /* wkndView.swift */ = {isa = PBXFileReference; lastKnownFileType = sourcecode.swift; path = wkndView.swift; sourceTree = "<group>"; };
/* End PBXFileReference section */

/* Begin PBXFrameworksBuildPhase section */
		8297A18A2B5E7DB0006F1CDB /* Frameworks */ = {
			isa = PBXFrameworksBuildPhase;
			buildActionMask = 2147483647;
			files = (
			);
			runOnlyForDeploymentPostprocessing = 0;
		};
/* End PBXFrameworksBuildPhase section */

/* Begin PBXGroup section */
		8297A1842B5E7DB0006F1CDB = {
			isa = PBXGroup;
			children = (
				8297A18F2B5E7DB0006F1CDB /* urke */,
				8297A18E2B5E7DB0006F1CDB /* Products */,
			);
			sourceTree = "<group>";
		};
		8297A18E2B5E7DB0006F1CDB /* Products */ = {
			isa = PBXGroup;
			children = (
				8297A18D2B5E7DB0006F1CDB /* urke.app */,
			);
			name = Products;
			sourceTree = "<group>";
		};
		8297A18F2B5E7DB0006F1CDB /* urke */ = {
			isa = PBXGroup;
			children = (
				8297A1902B5E7DB0006F1CDB /* AppDelegate.swift */,
				8297A1922B5E7DB0006F1CDB /* SceneDelegate.swift */,
				8297A1942B5E7DB0006F1CDB /* ViewController.swift */,
				8297A1962B5E7DB0006F1CDB /* Main.storyboard */,
				8297A1992B5E7DB2006F1CDB /* Assets.xcassets */,
				8297A19B2B5E7DB2006F1CDB /* LaunchScreen.storyboard */,
				8297A19E2B5E7DB2006F1CDB /* Info.plist */,
				8297A1A82B5FED86006F1CDB /* multView.swift */,
				826B91BB2B67E046007909FF /* SwiftUIView.swift */,
				8297A1AA2B610E26006F1CDB /* wkndView.swift */,
				821744382B67ADAC00767315 /* TrailViewModel.swift */,
				826B91B92B67DF06007909FF /* popDetailTrail.swift */,
			);
			path = urke;
			sourceTree = "<group>";
		};
/* End PBXGroup section */

/* Begin PBXNativeTarget section */
		8297A18C2B5E7DB0006F1CDB /* urke */ = {
			isa = PBXNativeTarget;
			buildConfigurationList = 8297A1A12B5E7DB2006F1CDB /* Build configuration list for PBXNativeTarget "urke" */;
			buildPhases = (
				8297A1892B5E7DB0006F1CDB /* Sources */,
				8297A18A2B5E7DB0006F1CDB /* Frameworks */,
				8297A18B2B5E7DB0006F1CDB /* Resources */,
			);
			buildRules = (
			);
			dependencies = (
			);
			name = urke;
			productName = urke;
			productReference = 8297A18D2B5E7DB0006F1CDB /* urke.app */;
			productType = "com.apple.product-type.application";
		};
/* End PBXNativeTarget section */

/* Begin PBXProject section */
		8297A1852B5E7DB0006F1CDB /* Project object */ = {
			isa = PBXProject;
			attributes = {
				BuildIndependentTargetsInParallel = 1;
				LastSwiftUpdateCheck = 1520;
				LastUpgradeCheck = 1520;
				TargetAttributes = {
					8297A18C2B5E7DB0006F1CDB = {
						CreatedOnToolsVersion = 15.2;
					};
				};
			};
			buildConfigurationList = 8297A1882B5E7DB0006F1CDB /* Build configuration list for PBXProject "urke" */;
			compatibilityVersion = "Xcode 14.0";
			developmentRegion = en;
			hasScannedForEncodings = 0;
			knownRegions = (
				en,
				Base,
			);
			mainGroup = 8297A1842B5E7DB0006F1CDB;
			productRefGroup = 8297A18E2B5E7DB0006F1CDB /* Products */;
			projectDirPath = "";
			projectRoot = "";
			targets = (
				8297A18C2B5E7DB0006F1CDB /* urke */,
			);
		};
/* End PBXProject section */

/* Begin PBXResourcesBuildPhase section */
		8297A18B2B5E7DB0006F1CDB /* Resources */ = {
			isa = PBXResourcesBuildPhase;
			buildActionMask = 2147483647;
			files = (
				8297A19D2B5E7DB2006F1CDB /* LaunchScreen.storyboard in Resources */,
				8297A19A2B5E7DB2006F1CDB /* Assets.xcassets in Resources */,
				8297A1982B5E7DB0006F1CDB /* Main.storyboard in Resources */,
			);
			runOnlyForDeploymentPostprocessing = 0;
		};
/* End PBXResourcesBuildPhase section */

/* Begin PBXSourcesBuildPhase section */
		8297A1892B5E7DB0006F1CDB /* Sources */ = {
			isa = PBXSourcesBuildPhase;
			buildActionMask = 2147483647;
			files = (
				8297A1AB2B610E26006F1CDB /* wkndView.swift in Sources */,
				8297A1952B5E7DB0006F1CDB /* ViewController.swift in Sources */,
				826B91BC2B67E046007909FF /* SwiftUIView.swift in Sources */,
				8297A1912B5E7DB0006F1CDB /* AppDelegate.swift in Sources */,
				8297A1A92B5FED86006F1CDB /* multView.swift in Sources */,
				826B91BA2B67DF07007909FF /* popDetailTrail.swift in Sources */,
				8297A1932B5E7DB0006F1CDB /* SceneDelegate.swift in Sources */,
				821744392B67ADAC00767315 /* TrailViewModel.swift in Sources */,
			);
			runOnlyForDeploymentPostprocessing = 0;
		};
/* End PBXSourcesBuildPhase section */

/* Begin PBXVariantGroup section */
		8297A1962B5E7DB0006F1CDB /* Main.storyboard */ = {
			isa = PBXVariantGroup;
			children = (
				8297A1972B5E7DB0006F1CDB /* Base */,
			);
			name = Main.storyboard;
			sourceTree = "<group>";
		};
		8297A19B2B5E7DB2006F1CDB /* LaunchScreen.storyboard */ = {
			isa = PBXVariantGroup;
			children = (
				8297A19C2B5E7DB2006F1CDB /* Base */,
			);
			name = LaunchScreen.storyboard;
			sourceTree = "<group>";
		};
/* End PBXVariantGroup section */

/* Begin XCBuildConfiguration section */
		8297A19F2B5E7DB2006F1CDB /* Debug */ = {
			isa = XCBuildConfiguration;
			buildSettings = {
				ALWAYS_SEARCH_USER_PATHS = NO;
				ASSETCATALOG_COMPILER_GENERATE_SWIFT_ASSET_SYMBOL_EXTENSIONS = YES;
				CLANG_ANALYZER_NONNULL = YES;
				CLANG_ANALYZER_NUMBER_OBJECT_CONVERSION = YES_AGGRESSIVE;
				CLANG_CXX_LANGUAGE_STANDARD = "gnu++20";
				CLANG_ENABLE_MODULES = YES;
				CLANG_ENABLE_OBJC_ARC = YES;
				CLANG_ENABLE_OBJC_WEAK = YES;
				CLANG_WARN_BLOCK_CAPTURE_AUTORELEASING = YES;
				CLANG_WARN_BOOL_CONVERSION = YES;
				CLANG_WARN_COMMA = YES;
				CLANG_WARN_CONSTANT_CONVERSION = YES;
				CLANG_WARN_DEPRECATED_OBJC_IMPLEMENTATIONS = YES;
				CLANG_WARN_DIRECT_OBJC_ISA_USAGE = YES_ERROR;
				CLANG_WARN_DOCUMENTATION_COMMENTS = YES;
				CLANG_WARN_EMPTY_BODY = YES;
				CLANG_WARN_ENUM_CONVERSION = YES;
				CLANG_WARN_INFINITE_RECURSION = YES;
				CLANG_WARN_INT_CONVERSION = YES;
				CLANG_WARN_NON_LITERAL_NULL_CONVERSION = YES;
				CLANG_WARN_OBJC_IMPLICIT_RETAIN_SELF = YES;
				CLANG_WARN_OBJC_LITERAL_CONVERSION = YES;
				CLANG_WARN_OBJC_ROOT_CLASS = YES_ERROR;
				CLANG_WARN_QUOTED_INCLUDE_IN_FRAMEWORK_HEADER = YES;
				CLANG_WARN_RANGE_LOOP_ANALYSIS = YES;
				CLANG_WARN_STRICT_PROTOTYPES = YES;
				CLANG_WARN_SUSPICIOUS_MOVE = YES;
				CLANG_WARN_UNGUARDED_AVAILABILITY = YES_AGGRESSIVE;
				CLANG_WARN_UNREACHABLE_CODE = YES;
				CLANG_WARN__DUPLICATE_METHOD_MATCH = YES;
				COPY_PHASE_STRIP = NO;
				DEBUG_INFORMATION_FORMAT = dwarf;
				ENABLE_STRICT_OBJC_MSGSEND = YES;
				ENABLE_TESTABILITY = YES;
				ENABLE_USER_SCRIPT_SANDBOXING = YES;
				GCC_C_LANGUAGE_STANDARD = gnu17;
				GCC_DYNAMIC_NO_PIC = NO;
				GCC_NO_COMMON_BLOCKS = YES;
				GCC_OPTIMIZATION_LEVEL = 0;
				GCC_PREPROCESSOR_DEFINITIONS = (
					"DEBUG=1",
					"$(inherited)",
				);
				GCC_WARN_64_TO_32_BIT_CONVERSION = YES;
				GCC_WARN_ABOUT_RETURN_TYPE = YES_ERROR;
				GCC_WARN_UNDECLARED_SELECTOR = YES;
				GCC_WARN_UNINITIALIZED_AUTOS = YES_AGGRESSIVE;
				GCC_WARN_UNUSED_FUNCTION = YES;
				GCC_WARN_UNUSED_VARIABLE = YES;
				IPHONEOS_DEPLOYMENT_TARGET = 17.2;
				LOCALIZATION_PREFERS_STRING_CATALOGS = YES;
				MTL_ENABLE_DEBUG_INFO = INCLUDE_SOURCE;
				MTL_FAST_MATH = YES;
				ONLY_ACTIVE_ARCH = YES;
				SDKROOT = iphoneos;
				SWIFT_ACTIVE_COMPILATION_CONDITIONS = "DEBUG $(inherited)";
				SWIFT_OPTIMIZATION_LEVEL = "-Onone";
			};
			name = Debug;
		};
		8297A1A02B5E7DB2006F1CDB /* Release */ = {
			isa = XCBuildConfiguration;
			buildSettings = {
				ALWAYS_SEARCH_USER_PATHS = NO;
				ASSETCATALOG_COMPILER_GENERATE_SWIFT_ASSET_SYMBOL_EXTENSIONS = YES;
				CLANG_ANALYZER_NONNULL = YES;
				CLANG_ANALYZER_NUMBER_OBJECT_CONVERSION = YES_AGGRESSIVE;
				CLANG_CXX_LANGUAGE_STANDARD = "gnu++20";
				CLANG_ENABLE_MODULES = YES;
				CLANG_ENABLE_OBJC_ARC = YES;
				CLANG_ENABLE_OBJC_WEAK = YES;
				CLANG_WARN_BLOCK_CAPTURE_AUTORELEASING = YES;
				CLANG_WARN_BOOL_CONVERSION = YES;
				CLANG_WARN_COMMA = YES;
				CLANG_WARN_CONSTANT_CONVERSION = YES;
				CLANG_WARN_DEPRECATED_OBJC_IMPLEMENTATIONS = YES;
				CLANG_WARN_DIRECT_OBJC_ISA_USAGE = YES_ERROR;
				CLANG_WARN_DOCUMENTATION_COMMENTS = YES;
				CLANG_WARN_EMPTY_BODY = YES;
				CLANG_WARN_ENUM_CONVERSION = YES;
				CLANG_WARN_INFINITE_RECURSION = YES;
				CLANG_WARN_INT_CONVERSION = YES;
				CLANG_WARN_NON_LITERAL_NULL_CONVERSION = YES;
				CLANG_WARN_OBJC_IMPLICIT_RETAIN_SELF = YES;
				CLANG_WARN_OBJC_LITERAL_CONVERSION = YES;
				CLANG_WARN_OBJC_ROOT_CLASS = YES_ERROR;
				CLANG_WARN_QUOTED_INCLUDE_IN_FRAMEWORK_HEADER = YES;
				CLANG_WARN_RANGE_LOOP_ANALYSIS = YES;
				CLANG_WARN_STRICT_PROTOTYPES = YES;
				CLANG_WARN_SUSPICIOUS_MOVE = YES;
				CLANG_WARN_UNGUARDED_AVAILABILITY = YES_AGGRESSIVE;
				CLANG_WARN_UNREACHABLE_CODE = YES;
				CLANG_WARN__DUPLICATE_METHOD_MATCH = YES;
				COPY_PHASE_STRIP = NO;
				DEBUG_INFORMATION_FORMAT = "dwarf-with-dsym";
				ENABLE_NS_ASSERTIONS = NO;
				ENABLE_STRICT_OBJC_MSGSEND = YES;
				ENABLE_USER_SCRIPT_SANDBOXING = YES;
				GCC_C_LANGUAGE_STANDARD = gnu17;
				GCC_NO_COMMON_BLOCKS = YES;
				GCC_WARN_64_TO_32_BIT_CONVERSION = YES;
				GCC_WARN_ABOUT_RETURN_TYPE = YES_ERROR;
				GCC_WARN_UNDECLARED_SELECTOR = YES;
				GCC_WARN_UNINITIALIZED_AUTOS = YES_AGGRESSIVE;
				GCC_WARN_UNUSED_FUNCTION = YES;
				GCC_WARN_UNUSED_VARIABLE = YES;
				IPHONEOS_DEPLOYMENT_TARGET = 17.2;
				LOCALIZATION_PREFERS_STRING_CATALOGS = YES;
				MTL_ENABLE_DEBUG_INFO = NO;
				MTL_FAST_MATH = YES;
				SDKROOT = iphoneos;
				SWIFT_COMPILATION_MODE = wholemodule;
				VALIDATE_PRODUCT = YES;
			};
			name = Release;
		};
		8297A1A22B5E7DB2006F1CDB /* Debug */ = {
			isa = XCBuildConfiguration;
			buildSettings = {
				ASSETCATALOG_COMPILER_APPICON_NAME = AppIcon;
				ASSETCATALOG_COMPILER_GLOBAL_ACCENT_COLOR_NAME = AccentColor;
				CODE_SIGN_STYLE = Automatic;
				CURRENT_PROJECT_VERSION = 1;
				DEVELOPMENT_TEAM = 58UT8UQZSU;
				GENERATE_INFOPLIST_FILE = YES;
				INFOPLIST_FILE = urke/Info.plist;
				INFOPLIST_KEY_UIApplicationSupportsIndirectInputEvents = YES;
				INFOPLIST_KEY_UILaunchStoryboardName = LaunchScreen;
				INFOPLIST_KEY_UIMainStoryboardFile = Main;
				INFOPLIST_KEY_UISupportedInterfaceOrientations_iPad = "UIInterfaceOrientationPortrait UIInterfaceOrientationPortraitUpsideDown UIInterfaceOrientationLandscapeLeft UIInterfaceOrientationLandscapeRight";
				INFOPLIST_KEY_UISupportedInterfaceOrientations_iPhone = "UIInterfaceOrientationPortrait UIInterfaceOrientationLandscapeLeft UIInterfaceOrientationLandscapeRight";
				LD_RUNPATH_SEARCH_PATHS = (
					"$(inherited)",
					"@executable_path/Frameworks",
				);
				MARKETING_VERSION = 1.0;
				PRODUCT_BUNDLE_IDENTIFIER = com.vas.urke;
				PRODUCT_NAME = "$(TARGET_NAME)";
				SWIFT_EMIT_LOC_STRINGS = YES;
				SWIFT_VERSION = 5.0;
				TARGETED_DEVICE_FAMILY = "1,2";
			};
			name = Debug;
		};
		8297A1A32B5E7DB2006F1CDB /* Release */ = {
			isa = XCBuildConfiguration;
			buildSettings = {
				ASSETCATALOG_COMPILER_APPICON_NAME = AppIcon;
				ASSETCATALOG_COMPILER_GLOBAL_ACCENT_COLOR_NAME = AccentColor;
				CODE_SIGN_STYLE = Automatic;
				CURRENT_PROJECT_VERSION = 1;
				DEVELOPMENT_TEAM = 58UT8UQZSU;
				GENERATE_INFOPLIST_FILE = YES;
				INFOPLIST_FILE = urke/Info.plist;
				INFOPLIST_KEY_UIApplicationSupportsIndirectInputEvents = YES;
				INFOPLIST_KEY_UILaunchStoryboardName = LaunchScreen;
				INFOPLIST_KEY_UIMainStoryboardFile = Main;
				INFOPLIST_KEY_UISupportedInterfaceOrientations_iPad = "UIInterfaceOrientationPortrait UIInterfaceOrientationPortraitUpsideDown UIInterfaceOrientationLandscapeLeft UIInterfaceOrientationLandscapeRight";
				INFOPLIST_KEY_UISupportedInterfaceOrientations_iPhone = "UIInterfaceOrientationPortrait UIInterfaceOrientationLandscapeLeft UIInterfaceOrientationLandscapeRight";
				LD_RUNPATH_SEARCH_PATHS = (
					"$(inherited)",
					"@executable_path/Frameworks",
				);
				MARKETING_VERSION = 1.0;
				PRODUCT_BUNDLE_IDENTIFIER = com.vas.urke;
				PRODUCT_NAME = "$(TARGET_NAME)";
				SWIFT_EMIT_LOC_STRINGS = YES;
				SWIFT_VERSION = 5.0;
				TARGETED_DEVICE_FAMILY = "1,2";
			};
			name = Release;
		};
/* End XCBuildConfiguration section */

/* Begin XCConfigurationList section */
		8297A1882B5E7DB0006F1CDB /* Build configuration list for PBXProject "urke" */ = {
			isa = XCConfigurationList;
			buildConfigurations = (
				8297A19F2B5E7DB2006F1CDB /* Debug */,
				8297A1A02B5E7DB2006F1CDB /* Release */,
			);
			defaultConfigurationIsVisible = 0;
			defaultConfigurationName = Release;
		};
		8297A1A12B5E7DB2006F1CDB /* Build configuration list for PBXNativeTarget "urke" */ = {
			isa = XCConfigurationList;
			buildConfigurations = (
				8297A1A22B5E7DB2006F1CDB /* Debug */,
				8297A1A32B5E7DB2006F1CDB /* Release */,
			);
			defaultConfigurationIsVisible = 0;
			defaultConfigurationName = Release;
		};
/* End XCConfigurationList section */
	};
	rootObject = 8297A1852B5E7DB0006F1CDB /* Project object */;
}
